
Microsoft Visual Studio Solution File, Format Version 12.00
# Visual Studio Version 16
VisualStudioVersion = 16.0.29411.108
MinimumVisualStudioVersion = 10.0.40219.1
Project("{FAE04EC0-301F-11D3-BF4B-00C04F79EFBC}") = "wms-system-project", "wms-system-project\wms-system-project.csproj", "{5CEBC15D-F09D-4F9D-81E1-15B202D764E6}"
EndProject
Global
	GlobalSection(SolutionConfigurationPlatforms) = preSolution
		Debug|Any CPU = Debug|Any CPU
		Release|Any CPU = Release|Any CPU
	EndGlobalSection
	GlobalSection(ProjectConfigurationPlatforms) = postSolution
		{5CEBC15D-F09D-4F9D-81E1-15B202D764E6}.Debug|Any CPU.ActiveCfg = Debug|Any CPU
		{5CEBC15D-F09D-4F9D-81E1-15B202D764E6}.Debug|Any CPU.Build.0 = Debug|Any CPU
		{5CEBC15D-F09D-4F9D-81E1-15B202D764E6}.Release|Any CPU.ActiveCfg = Release|Any CPU
		{5CEBC15D-F09D-4F9D-81E1-15B202D764E6}.Release|Any CPU.Build.0 = Release|Any CPU
	EndGlobalSection
	GlobalSection(SolutionProperties) = preSolution
		HideSolutionNode = FALSE
	EndGlobalSection
	GlobalSection(ExtensibilityGlobals) = postSolution
		SolutionGuid = {ACAE4FC0-BF7D-4FB6-B3BD-6772A9EDF8D8}
	EndGlobalSection
EndGlobal
